// !$*UTF8*$!
{
	archiveVersion = 1;
	classes = {
	};
	objectVersion = 46;
	objects = {

/* Begin PBXBuildFile section */
		AE961B271EF27893006607C4 /* AppDelegate.swift in Sources */ = {isa = PBXBuildFile; fileRef = AE961B261EF27893006607C4 /* AppDelegate.swift */; };
		AE961B291EF27893006607C4 /* ViewController.swift in Sources */ = {isa = PBXBuildFile; fileRef = AE961B281EF27893006607C4 /* ViewController.swift */; };
		AE961B2C1EF27893006607C4 /* Main.storyboard in Resources */ = {isa = PBXBuildFile; fileRef = AE961B2A1EF27893006607C4 /* Main.storyboard */; };
		AE961B2E1EF27893006607C4 /* Assets.xcassets in Resources */ = {isa = PBXBuildFile; fileRef = AE961B2D1EF27893006607C4 /* Assets.xcassets */; };
		AE961B311EF27893006607C4 /* LaunchScreen.storyboard in Resources */ = {isa = PBXBuildFile; fileRef = AE961B2F1EF27893006607C4 /* LaunchScreen.storyboard */; };
		DE06E9A8092C5C255B50A0E9 /* Pods_SampleFollowIntegration.framework in Frameworks */ = {isa = PBXBuildFile; fileRef = 136AA5039FF70025C1FFC5C7 /* Pods_SampleFollowIntegration.framework */; };
/* End PBXBuildFile section */

/* Begin PBXFileReference section */
		136AA5039FF70025C1FFC5C7 /* Pods_SampleFollowIntegration.framework */ = {isa = PBXFileReference; explicitFileType = wrapper.framework; includeInIndex = 0; path = Pods_SampleFollowIntegration.framework; sourceTree = BUILT_PRODUCTS_DIR; };
		677CD0911D4CF6170FD035DF /* Pods-SampleFollowIntegration.release.xcconfig */ = {isa = PBXFileReference; includeInIndex = 1; lastKnownFileType = text.xcconfig; name = "Pods-SampleFollowIntegration.release.xcconfig"; path = "Pods/Target Support Files/Pods-SampleFollowIntegration/Pods-SampleFollowIntegration.release.xcconfig"; sourceTree = "<group>"; };
		AE52E3CD1EF2798600E6C8C5 /* SampleFollowIntegration-Bridging-Header.h */ = {isa = PBXFileReference; lastKnownFileType = sourcecode.c.h; path = "SampleFollowIntegration-Bridging-Header.h"; sourceTree = "<group>"; };
		AE961B231EF27893006607C4 /* SampleFollowIntegration.app */ = {isa = PBXFileReference; explicitFileType = wrapper.application; includeInIndex = 0; path = SampleFollowIntegration.app; sourceTree = BUILT_PRODUCTS_DIR; };
		AE961B261EF27893006607C4 /* AppDelegate.swift */ = {isa = PBXFileReference; lastKnownFileType = sourcecode.swift; path = AppDelegate.swift; sourceTree = "<group>"; };
		AE961B281EF27893006607C4 /* ViewController.swift */ = {isa = PBXFileReference; lastKnownFileType = sourcecode.swift; path = ViewController.swift; sourceTree = "<group>"; };
		AE961B2B1EF27893006607C4 /* Base */ = {isa = PBXFileReference; lastKnownFileType = file.storyboard; name = Base; path = Base.lproj/Main.storyboard; sourceTree = "<group>"; };
		AE961B2D1EF27893006607C4 /* Assets.xcassets */ = {isa = PBXFileReference; lastKnownFileType = folder.assetcatalog; path = Assets.xcassets; sourceTree = "<group>"; };
		AE961B301EF27893006607C4 /* Base */ = {isa = PBXFileReference; lastKnownFileType = file.storyboard; name = Base; path = Base.lproj/LaunchScreen.storyboard; sourceTree = "<group>"; };
		AE961B321EF27893006607C4 /* Info.plist */ = {isa = PBXFileReference; lastKnownFileType = text.plist.xml; path = Info.plist; sourceTree = "<group>"; };
		DFD18D5B1100BA6592B4D1EC /* Pods-SampleFollowIntegration.debug.xcconfig */ = {isa = PBXFileReference; includeInIndex = 1; lastKnownFileType = text.xcconfig; name = "Pods-SampleFollowIntegration.debug.xcconfig"; path = "Pods/Target Support Files/Pods-SampleFollowIntegration/Pods-SampleFollowIntegration.debug.xcconfig"; sourceTree = "<group>"; };
/* End PBXFileReference section */

/* Begin PBXFrameworksBuildPhase section */
		AE961B201EF27892006607C4 /* Frameworks */ = {
			isa = PBXFrameworksBuildPhase;
			buildActionMask = 2147483647;
			files = (
				DE06E9A8092C5C255B50A0E9 /* Pods_SampleFollowIntegration.framework in Frameworks */,
			);
			runOnlyForDeploymentPostprocessing = 0;
		};
/* End PBXFrameworksBuildPhase section */

/* Begin PBXGroup section */
		791239C7D215A8A234FD1FF8 /* Frameworks */ = {
			isa = PBXGroup;
			children = (
				136AA5039FF70025C1FFC5C7 /* Pods_SampleFollowIntegration.framework */,
			);
			name = Frameworks;
			sourceTree = "<group>";
		};
		AE961B1A1EF27892006607C4 = {
			isa = PBXGroup;
			children = (
				AE961B251EF27893006607C4 /* SampleFollowIntegration */,
				AE961B241EF27893006607C4 /* Products */,
				D70CFC388276AF8ED8A7DCCE /* Pods */,
				791239C7D215A8A234FD1FF8 /* Frameworks */,
			);
			sourceTree = "<group>";
		};
		AE961B241EF27893006607C4 /* Products */ = {
			isa = PBXGroup;
			children = (
				AE961B231EF27893006607C4 /* SampleFollowIntegration.app */,
			);
			name = Products;
			sourceTree = "<group>";
		};
		AE961B251EF27893006607C4 /* SampleFollowIntegration */ = {
			isa = PBXGroup;
			children = (
				AE961B261EF27893006607C4 /* AppDelegate.swift */,
				AE961B281EF27893006607C4 /* ViewController.swift */,
				AE961B2A1EF27893006607C4 /* Main.storyboard */,
				AE961B2D1EF27893006607C4 /* Assets.xcassets */,
				AE961B2F1EF27893006607C4 /* LaunchScreen.storyboard */,
				AE961B321EF27893006607C4 /* Info.plist */,
				AE52E3CD1EF2798600E6C8C5 /* SampleFollowIntegration-Bridging-Header.h */,
			);
			path = SampleFollowIntegration;
			sourceTree = "<group>";
		};
		D70CFC388276AF8ED8A7DCCE /* Pods */ = {
			isa = PBXGroup;
			children = (
				DFD18D5B1100BA6592B4D1EC /* Pods-SampleFollowIntegration.debug.xcconfig */,
				677CD0911D4CF6170FD035DF /* Pods-SampleFollowIntegration.release.xcconfig */,
			);
			name = Pods;
			sourceTree = "<group>";
		};
/* End PBXGroup section */

/* Begin PBXNativeTarget section */
		AE961B221EF27892006607C4 /* SampleFollowIntegration */ = {
			isa = PBXNativeTarget;
			buildConfigurationList = AE961B351EF27893006607C4 /* Build configuration list for PBXNativeTarget "SampleFollowIntegration" */;
			buildPhases = (
				5EEA578F36E9D0EE1B1C96B8 /* [CP] Check Pods Manifest.lock */,
				AE961B1F1EF27892006607C4 /* Sources */,
				AE961B201EF27892006607C4 /* Frameworks */,
				AE961B211EF27892006607C4 /* Resources */,
				9670297C073EB657399160FC /* [CP] Embed Pods Frameworks */,
				BFFD74337A83F3D7ECC6DD78 /* [CP] Copy Pods Resources */,
			);
			buildRules = (
			);
			dependencies = (
			);
			name = SampleFollowIntegration;
			productName = SampleFollowIntegration;
			productReference = AE961B231EF27893006607C4 /* SampleFollowIntegration.app */;
			productType = "com.apple.product-type.application";
		};
/* End PBXNativeTarget section */

/* Begin PBXProject section */
		AE961B1B1EF27892006607C4 /* Project object */ = {
			isa = PBXProject;
			attributes = {
				LastSwiftUpdateCheck = 0830;
				LastUpgradeCheck = 0830;
				ORGANIZATIONNAME = FollowAnalytics;
				TargetAttributes = {
					AE961B221EF27892006607C4 = {
						CreatedOnToolsVersion = 8.3.3;
						DevelopmentTeam = 3ZK98N757X;
						LastSwiftMigration = 0900;
						ProvisioningStyle = Automatic;
					};
				};
			};
			buildConfigurationList = AE961B1E1EF27892006607C4 /* Build configuration list for PBXProject "SampleFollowIntegration" */;
			compatibilityVersion = "Xcode 3.2";
			developmentRegion = English;
			hasScannedForEncodings = 0;
			knownRegions = (
				en,
				Base,
			);
			mainGroup = AE961B1A1EF27892006607C4;
			productRefGroup = AE961B241EF27893006607C4 /* Products */;
			projectDirPath = "";
			projectRoot = "";
			targets = (
				AE961B221EF27892006607C4 /* SampleFollowIntegration */,
			);
		};
/* End PBXProject section */

/* Begin PBXResourcesBuildPhase section */
		AE961B211EF27892006607C4 /* Resources */ = {
			isa = PBXResourcesBuildPhase;
			buildActionMask = 2147483647;
			files = (
				AE961B311EF27893006607C4 /* LaunchScreen.storyboard in Resources */,
				AE961B2E1EF27893006607C4 /* Assets.xcassets in Resources */,
				AE961B2C1EF27893006607C4 /* Main.storyboard in Resources */,
			);
			runOnlyForDeploymentPostprocessing = 0;
		};
/* End PBXResourcesBuildPhase section */

/* Begin PBXShellScriptBuildPhase section */
		5EEA578F36E9D0EE1B1C96B8 /* [CP] Check Pods Manifest.lock */ = {
			isa = PBXShellScriptBuildPhase;
			buildActionMask = 2147483647;
			files = (
			);
			inputPaths = (
			);
			name = "[CP] Check Pods Manifest.lock";
			outputPaths = (
			);
			runOnlyForDeploymentPostprocessing = 0;
			shellPath = /bin/sh;
			shellScript = "diff \"${PODS_PODFILE_DIR_PATH}/Podfile.lock\" \"${PODS_ROOT}/Manifest.lock\" > /dev/null\nif [ $? != 0 ] ; then\n    # print error to STDERR\n    echo \"error: The sandbox is not in sync with the Podfile.lock. Run 'pod install' or update your CocoaPods installation.\" >&2\n    exit 1\nfi\n";
			showEnvVarsInLog = 0;
		};
		9670297C073EB657399160FC /* [CP] Embed Pods Frameworks */ = {
			isa = PBXShellScriptBuildPhase;
			buildActionMask = 2147483647;
			files = (
			);
			inputPaths = (
			);
			name = "[CP] Embed Pods Frameworks";
			outputPaths = (
			);
			runOnlyForDeploymentPostprocessing = 0;
			shellPath = /bin/sh;
			shellScript = "\"${SRCROOT}/Pods/Target Support Files/Pods-SampleFollowIntegration/Pods-SampleFollowIntegration-frameworks.sh\"\n";
			showEnvVarsInLog = 0;
		};
		BFFD74337A83F3D7ECC6DD78 /* [CP] Copy Pods Resources */ = {
			isa = PBXShellScriptBuildPhase;
			buildActionMask = 2147483647;
			files = (
			);
			inputPaths = (
			);
			name = "[CP] Copy Pods Resources";
			outputPaths = (
			);
			runOnlyForDeploymentPostprocessing = 0;
			shellPath = /bin/sh;
			shellScript = "\"${SRCROOT}/Pods/Target Support Files/Pods-SampleFollowIntegration/Pods-SampleFollowIntegration-resources.sh\"\n";
			showEnvVarsInLog = 0;
		};
/* End PBXShellScriptBuildPhase section */

/* Begin PBXSourcesBuildPhase section */
		AE961B1F1EF27892006607C4 /* Sources */ = {
			isa = PBXSourcesBuildPhase;
			buildActionMask = 2147483647;
			files = (
				AE961B291EF27893006607C4 /* ViewController.swift in Sources */,
				AE961B271EF27893006607C4 /* AppDelegate.swift in Sources */,
			);
			runOnlyForDeploymentPostprocessing = 0;
		};
/* End PBXSourcesBuildPhase section */

/* Begin PBXVariantGroup section */
		AE961B2A1EF27893006607C4 /* Main.storyboard */ = {
			isa = PBXVariantGroup;
			children = (
				AE961B2B1EF27893006607C4 /* Base */,
			);
			name = Main.storyboard;
			sourceTree = "<group>";
		};
		AE961B2F1EF27893006607C4 /* LaunchScreen.storyboard */ = {
			isa = PBXVariantGroup;
			children = (
				AE961B301EF27893006607C4 /* Base */,
			);
			name = LaunchScreen.storyboard;
			sourceTree = "<group>";
		};
/* End PBXVariantGroup section */

/* Begin XCBuildConfiguration section */
		AE961B331EF27893006607C4 /* Debug */ = {
			isa = XCBuildConfiguration;
			buildSettings = {
				ALWAYS_SEARCH_USER_PATHS = NO;
				CLANG_ANALYZER_NONNULL = YES;
				CLANG_ANALYZER_NUMBER_OBJECT_CONVERSION = YES_AGGRESSIVE;
				CLANG_CXX_LANGUAGE_STANDARD = "gnu++0x";
				CLANG_CXX_LIBRARY = "libc++";
				CLANG_ENABLE_MODULES = YES;
				CLANG_ENABLE_OBJC_ARC = YES;
				CLANG_WARN_BOOL_CONVERSION = YES;
				CLANG_WARN_CONSTANT_CONVERSION = YES;
				CLANG_WARN_DIRECT_OBJC_ISA_USAGE = YES_ERROR;
				CLANG_WARN_DOCUMENTATION_COMMENTS = YES;
				CLANG_WARN_EMPTY_BODY = YES;
				CLANG_WARN_ENUM_CONVERSION = YES;
				CLANG_WARN_INFINITE_RECURSION = YES;
				CLANG_WARN_INT_CONVERSION = YES;
				CLANG_WARN_OBJC_ROOT_CLASS = YES_ERROR;
				CLANG_WARN_SUSPICIOUS_MOVE = YES;
				CLANG_WARN_UNREACHABLE_CODE = YES;
				CLANG_WARN__DUPLICATE_METHOD_MATCH = YES;
				"CODE_SIGN_IDENTITY[sdk=iphoneos*]" = "iPhone Developer";
				COPY_PHASE_STRIP = NO;
				DEBUG_INFORMATION_FORMAT = dwarf;
				ENABLE_STRICT_OBJC_MSGSEND = YES;
				ENABLE_TESTABILITY = YES;
				GCC_C_LANGUAGE_STANDARD = gnu99;
				GCC_DYNAMIC_NO_PIC = NO;
				GCC_NO_COMMON_BLOCKS = YES;
				GCC_OPTIMIZATION_LEVEL = 0;
				GCC_PREPROCESSOR_DEFINITIONS = (
					"DEBUG=1",
					"$(inherited)",
				);
				GCC_WARN_64_TO_32_BIT_CONVERSION = YES;
				GCC_WARN_ABOUT_RETURN_TYPE = YES_ERROR;
				GCC_WARN_UNDECLARED_SELECTOR = YES;
				GCC_WARN_UNINITIALIZED_AUTOS = YES_AGGRESSIVE;
				GCC_WARN_UNUSED_FUNCTION = YES;
				GCC_WARN_UNUSED_VARIABLE = YES;
				IPHONEOS_DEPLOYMENT_TARGET = 10.3;
				MTL_ENABLE_DEBUG_INFO = YES;
				ONLY_ACTIVE_ARCH = YES;
				SDKROOT = iphoneos;
				SWIFT_ACTIVE_COMPILATION_CONDITIONS = DEBUG;
				SWIFT_OPTIMIZATION_LEVEL = "-Onone";
			};
			name = Debug;
		};
		AE961B341EF27893006607C4 /* Release */ = {
			isa = XCBuildConfiguration;
			buildSettings = {
				ALWAYS_SEARCH_USER_PATHS = NO;
				CLANG_ANALYZER_NONNULL = YES;
				CLANG_ANALYZER_NUMBER_OBJECT_CONVERSION = YES_AGGRESSIVE;
				CLANG_CXX_LANGUAGE_STANDARD = "gnu++0x";
				CLANG_CXX_LIBRARY = "libc++";
				CLANG_ENABLE_MODULES = YES;
				CLANG_ENABLE_OBJC_ARC = YES;
				CLANG_WARN_BOOL_CONVERSION = YES;
				CLANG_WARN_CONSTANT_CONVERSION = YES;
				CLANG_WARN_DIRECT_OBJC_ISA_USAGE = YES_ERROR;
				CLANG_WARN_DOCUMENTATION_COMMENTS = YES;
				CLANG_WARN_EMPTY_BODY = YES;
				CLANG_WARN_ENUM_CONVERSION = YES;
				CLANG_WARN_INFINITE_RECURSION = YES;
				CLANG_WARN_INT_CONVERSION = YES;
				CLANG_WARN_OBJC_ROOT_CLASS = YES_ERROR;
				CLANG_WARN_SUSPICIOUS_MOVE = YES;
				CLANG_WARN_UNREACHABLE_CODE = YES;
				CLANG_WARN__DUPLICATE_METHOD_MATCH = YES;
				"CODE_SIGN_IDENTITY[sdk=iphoneos*]" = "iPhone Developer";
				COPY_PHASE_STRIP = NO;
				DEBUG_INFORMATION_FORMAT = "dwarf-with-dsym";
				ENABLE_NS_ASSERTIONS = NO;
				ENABLE_STRICT_OBJC_MSGSEND = YES;
				GCC_C_LANGUAGE_STANDARD = gnu99;
				GCC_NO_COMMON_BLOCKS = YES;
				GCC_WARN_64_TO_32_BIT_CONVERSION = YES;
				GCC_WARN_ABOUT_RETURN_TYPE = YES_ERROR;
				GCC_WARN_UNDECLARED_SELECTOR = YES;
				GCC_WARN_UNINITIALIZED_AUTOS = YES_AGGRESSIVE;
				GCC_WARN_UNUSED_FUNCTION = YES;
				GCC_WARN_UNUSED_VARIABLE = YES;
				IPHONEOS_DEPLOYMENT_TARGET = 10.3;
				MTL_ENABLE_DEBUG_INFO = NO;
				SDKROOT = iphoneos;
				SWIFT_OPTIMIZATION_LEVEL = "-Owholemodule";
				VALIDATE_PRODUCT = YES;
			};
			name = Release;
		};
		AE961B361EF27893006607C4 /* Debug */ = {
			isa = XCBuildConfiguration;
			baseConfigurationReference = DFD18D5B1100BA6592B4D1EC /* Pods-SampleFollowIntegration.debug.xcconfig */;
			buildSettings = {
				ASSETCATALOG_COMPILER_APPICON_NAME = AppIcon;
				CLANG_ENABLE_MODULES = YES;
				DEVELOPMENT_TEAM = 3ZK98N757X;
				INFOPLIST_FILE = SampleFollowIntegration/Info.plist;
				LD_RUNPATH_SEARCH_PATHS = "$(inherited) @executable_path/Frameworks";
				PRODUCT_BUNDLE_IDENTIFIER = FollowAnalytics.SampleFollowIntegration;
				PRODUCT_NAME = "$(TARGET_NAME)";
				SWIFT_OBJC_BRIDGING_HEADER = "SampleFollowIntegration/SampleFollowIntegration-Bridging-Header.h";
				SWIFT_OPTIMIZATION_LEVEL = "-Onone";
				SWIFT_VERSION = 3.0;
			};
			name = Debug;
		};
		AE961B371EF27893006607C4 /* Release */ = {
			isa = XCBuildConfiguration;
			baseConfigurationReference = 677CD0911D4CF6170FD035DF /* Pods-SampleFollowIntegration.release.xcconfig */;
			buildSettings = {
				ASSETCATALOG_COMPILER_APPICON_NAME = AppIcon;
				CLANG_ENABLE_MODULES = YES;
				DEVELOPMENT_TEAM = 3ZK98N757X;
				INFOPLIST_FILE = SampleFollowIntegration/Info.plist;
				LD_RUNPATH_SEARCH_PATHS = "$(inherited) @executable_path/Frameworks";
				PRODUCT_BUNDLE_IDENTIFIER = FollowAnalytics.SampleFollowIntegration;
				PRODUCT_NAME = "$(TARGET_NAME)";
				SWIFT_OBJC_BRIDGING_HEADER = "SampleFollowIntegration/SampleFollowIntegration-Bridging-Header.h";
				SWIFT_VERSION = 3.0;
			};
			name = Release;
		};
/* End XCBuildConfiguration section */

/* Begin XCConfigurationList section */
		AE961B1E1EF27892006607C4 /* Build configuration list for PBXProject "SampleFollowIntegration" */ = {
			isa = XCConfigurationList;
			buildConfigurations = (
				AE961B331EF27893006607C4 /* Debug */,
				AE961B341EF27893006607C4 /* Release */,
			);
			defaultConfigurationIsVisible = 0;
			defaultConfigurationName = Release;
		};
		AE961B351EF27893006607C4 /* Build configuration list for PBXNativeTarget "SampleFollowIntegration" */ = {
			isa = XCConfigurationList;
			buildConfigurations = (
				AE961B361EF27893006607C4 /* Debug */,
				AE961B371EF27893006607C4 /* Release */,
			);
			defaultConfigurationIsVisible = 0;
			defaultConfigurationName = Release;
		};
/* End XCConfigurationList section */
	};
	rootObject = AE961B1B1EF27892006607C4 /* Project object */;
}
